FORGE
  remote: https://forgeapi.puppetlabs.com
  specs:
    golja-gnupg (1.2.1)
    maestrodev-rvm (1.12.1)
      golja-gnupg (>= 1.2.0)
      puppetlabs-stdlib (>= 4.2.0)
    puppetlabs-apt (2.2.1)
      puppetlabs-stdlib (< 5.0.0, >= 4.5.0)
    puppetlabs-concat (1.2.5)
      puppetlabs-stdlib (< 5.0.0, >= 3.2.0)
    puppetlabs-git (0.4.0)
      puppetlabs-stdlib (>= 3.2.0)
    puppetlabs-postgresql (4.6.1)
      puppetlabs-apt (< 3.0.0, >= 1.8.0)
      puppetlabs-concat (< 2.0.0, >= 1.1.0)
      puppetlabs-stdlib (~> 4.0)
    puppetlabs-stdlib (4.9.1)

DEPENDENCIES
  maestrodev-rvm (>= 0)
  puppetlabs-apt (>= 0)
  puppetlabs-git (>= 0)
  puppetlabs-postgresql (>= 0)
  puppetlabs-stdlib (>= 0)

